
Microsoft Visual Studio Solution File, Format Version 12.00
# Visual Studio Version 17
VisualStudioVersion = 17.10.34916.146
MinimumVisualStudioVersion = 10.0.40219.1
Project("{8BC9CEB8-8B4A-11D0-8D11-00A0C91BC942}") = "2048", "2048\2048.vcxproj", "{4D0F8457-A1A6-4677-8C39-4565BC7C4350}"
EndProject
Global
	GlobalSection(SolutionConfigurationPlatforms) = preSolution
		Debug|ARM64 = Debug|ARM64
		Debug|x64 = Debug|x64
		Debug|x86 = Debug|x86
		Release|ARM64 = Release|ARM64
		Release|x64 = Release|x64
		Release|x86 = Release|x86
	EndGlobalSection
	GlobalSection(ProjectConfigurationPlatforms) = postSolution
		{4D0F8457-A1A6-4677-8C39-4565BC7C4350}.Debug|ARM64.ActiveCfg = Debug|ARM64
		{4D0F8457-A1A6-4677-8C39-4565BC7C4350}.Debug|ARM64.Build.0 = Debug|ARM64
		{4D0F8457-A1A6-4677-8C39-4565BC7C4350}.Debug|x64.ActiveCfg = Debug|x64
		{4D0F8457-A1A6-4677-8C39-4565BC7C4350}.Debug|x64.Build.0 = Debug|x64
		{4D0F8457-A1A6-4677-8C39-4565BC7C4350}.Debug|x86.ActiveCfg = Debug|Win32
		{4D0F8457-A1A6-4677-8C39-4565BC7C4350}.Debug|x86.Build.0 = Debug|Win32
		{4D0F8457-A1A6-4677-8C39-4565BC7C4350}.Release|ARM64.ActiveCfg = Release|ARM64
		{4D0F8457-A1A6-4677-8C39-4565BC7C4350}.Release|ARM64.Build.0 = Release|ARM64
		{4D0F8457-A1A6-4677-8C39-4565BC7C4350}.Release|x64.ActiveCfg = Release|x64
		{4D0F8457-A1A6-4677-8C39-4565BC7C4350}.Release|x64.Build.0 = Release|x64
		{4D0F8457-A1A6-4677-8C39-4565BC7C4350}.Release|x86.ActiveCfg = Release|Win32
		{4D0F8457-A1A6-4677-8C39-4565BC7C4350}.Release|x86.Build.0 = Release|Win32
	EndGlobalSection
	GlobalSection(SolutionProperties) = preSolution
		HideSolutionNode = FALSE
	EndGlobalSection
	GlobalSection(ExtensibilityGlobals) = postSolution
		SolutionGuid = {AB186A5B-93C0-4B2E-A39D-073A819F3A69}
	EndGlobalSection
EndGlobal
